
Microsoft Visual Studio Solution File, Format Version 11.00
# Visual Studio 2010
Project("{8BC9CEB8-8B4A-11D0-8D11-00A0C91BC942}") = "TRAB_SO2_DLL", "TRAB_SO2_DLL\TRAB_SO2_DLL.vcxproj", "{0D8FCAC4-1321-4BBE-A575-B5E3CF6E27F7}"
EndProject
Global
	GlobalSection(SolutionConfigurationPlatforms) = preSolution
		Debug|Win32 = Debug|Win32
		Release|Win32 = Release|Win32
	EndGlobalSection
	GlobalSection(ProjectConfigurationPlatforms) = postSolution
		{0D8FCAC4-1321-4BBE-A575-B5E3CF6E27F7}.Debug|Win32.ActiveCfg = Debug|Win32
		{0D8FCAC4-1321-4BBE-A575-B5E3CF6E27F7}.Debug|Win32.Build.0 = Debug|Win32
		{0D8FCAC4-1321-4BBE-A575-B5E3CF6E27F7}.Release|Win32.ActiveCfg = Release|Win32
		{0D8FCAC4-1321-4BBE-A575-B5E3CF6E27F7}.Release|Win32.Build.0 = Release|Win32
	EndGlobalSection
	GlobalSection(SolutionProperties) = preSolution
		HideSolutionNode = FALSE
	EndGlobalSection
EndGlobal
